// !$*UTF8*$!
{
	archiveVersion = 1;
	classes = {
	};
	objectVersion = 51;
	objects = {

/* Begin PBXBuildFile section */
		4483A49625902B98283DC1B7 /* Pods_Tekever_DigitalTests.framework in Frameworks */ = {isa = PBXBuildFile; fileRef = B2BEA98F2D86D5FF398F5158 /* Pods_Tekever_DigitalTests.framework */; };
		7AA69FCE603BE8D298F2D6CB /* Pods_Tekever_DigitalUITests.framework in Frameworks */ = {isa = PBXBuildFile; fileRef = 3C6AC98606A3059CB61F9FB2 /* Pods_Tekever_DigitalUITests.framework */; };
		E8AFD183234403B100BB648B /* AppDelegate.m in Sources */ = {isa = PBXBuildFile; fileRef = E8AFD182234403B100BB648B /* AppDelegate.m */; };
		E8AFD186234403B100BB648B /* PeopleList.m in Sources */ = {isa = PBXBuildFile; fileRef = E8AFD185234403B100BB648B /* PeopleList.m */; };
		E8AFD189234403B100BB648B /* Main.storyboard in Resources */ = {isa = PBXBuildFile; fileRef = E8AFD187234403B100BB648B /* Main.storyboard */; };
		E8AFD191234403B300BB648B /* main.m in Sources */ = {isa = PBXBuildFile; fileRef = E8AFD190234403B300BB648B /* main.m */; };
		E8AFD19B234403B300BB648B /* Tekever_DigitalTests.m in Sources */ = {isa = PBXBuildFile; fileRef = E8AFD19A234403B300BB648B /* Tekever_DigitalTests.m */; };
		E8AFD1A6234403B300BB648B /* Tekever_DigitalUITests.m in Sources */ = {isa = PBXBuildFile; fileRef = E8AFD1A5234403B300BB648B /* Tekever_DigitalUITests.m */; };
		E8AFD1B82344110E00BB648B /* APIClient.m in Sources */ = {isa = PBXBuildFile; fileRef = E8AFD1B72344110E00BB648B /* APIClient.m */; };
		E8AFD1BB234411D000BB648B /* Person.m in Sources */ = {isa = PBXBuildFile; fileRef = E8AFD1BA234411D000BB648B /* Person.m */; };
		E8AFD1BF23466BD500BB648B /* PersonCellView.m in Sources */ = {isa = PBXBuildFile; fileRef = E8AFD1BD23466BD500BB648B /* PersonCellView.m */; };
		E8AFD1C12347497900BB648B /* PeopleList.h in Sources */ = {isa = PBXBuildFile; fileRef = E8AFD184234403B100BB648B /* PeopleList.h */; };
		E8AFD1C22347498100BB648B /* Person.h in Sources */ = {isa = PBXBuildFile; fileRef = E8AFD1B9234411D000BB648B /* Person.h */; };
		E8AFD1C32347498500BB648B /* PersonCellView.h in Sources */ = {isa = PBXBuildFile; fileRef = E8AFD1C023473CCA00BB648B /* PersonCellView.h */; };
		E8AFD1C42347498C00BB648B /* APIClient.h in Sources */ = {isa = PBXBuildFile; fileRef = E8AFD1B62344110E00BB648B /* APIClient.h */; };
		E8AFD1C92347DF6C00BB648B /* PersonDetails.m in Sources */ = {isa = PBXBuildFile; fileRef = E8AFD1C72347DF6C00BB648B /* PersonDetails.m */; };
		E8AFD1CA2347E03000BB648B /* PersonDetails.h in Sources */ = {isa = PBXBuildFile; fileRef = E8AFD1C82347DF6C00BB648B /* PersonDetails.h */; };
		EC8FDC3BCF393BE43E879967 /* Pods_Tekever_Digital.framework in Frameworks */ = {isa = PBXBuildFile; fileRef = 339BFF1ABDD964BD43A02935 /* Pods_Tekever_Digital.framework */; };
/* End PBXBuildFile section */

/* Begin PBXContainerItemProxy section */
		E8AFD197234403B300BB648B /* PBXContainerItemProxy */ = {
			isa = PBXContainerItemProxy;
			containerPortal = E8AFD176234403B100BB648B /* Project object */;
			proxyType = 1;
			remoteGlobalIDString = E8AFD17D234403B100BB648B;
			remoteInfo = "Tekever-Digital";
		};
		E8AFD1A2234403B300BB648B /* PBXContainerItemProxy */ = {
			isa = PBXContainerItemProxy;
			containerPortal = E8AFD176234403B100BB648B /* Project object */;
			proxyType = 1;
			remoteGlobalIDString = E8AFD17D234403B100BB648B;
			remoteInfo = "Tekever-Digital";
		};
/* End PBXContainerItemProxy section */

/* Begin PBXFileReference section */
		339BFF1ABDD964BD43A02935 /* Pods_Tekever_Digital.framework */ = {isa = PBXFileReference; explicitFileType = wrapper.framework; includeInIndex = 0; path = Pods_Tekever_Digital.framework; sourceTree = BUILT_PRODUCTS_DIR; };
		3C6AC98606A3059CB61F9FB2 /* Pods_Tekever_DigitalUITests.framework */ = {isa = PBXFileReference; explicitFileType = wrapper.framework; includeInIndex = 0; path = Pods_Tekever_DigitalUITests.framework; sourceTree = BUILT_PRODUCTS_DIR; };
		624D9FFD4D1979C7A64AD43E /* Pods-Tekever-DigitalTests.debug.xcconfig */ = {isa = PBXFileReference; includeInIndex = 1; lastKnownFileType = text.xcconfig; name = "Pods-Tekever-DigitalTests.debug.xcconfig"; path = "Target Support Files/Pods-Tekever-DigitalTests/Pods-Tekever-DigitalTests.debug.xcconfig"; sourceTree = "<group>"; };
		63FDC62BAA5AB79BFD1EE8DB /* Pods-Tekever-DigitalUITests.release.xcconfig */ = {isa = PBXFileReference; includeInIndex = 1; lastKnownFileType = text.xcconfig; name = "Pods-Tekever-DigitalUITests.release.xcconfig"; path = "Target Support Files/Pods-Tekever-DigitalUITests/Pods-Tekever-DigitalUITests.release.xcconfig"; sourceTree = "<group>"; };
		730888FC9DBD1F04DA03A1CE /* Pods-Tekever-DigitalUITests.debug.xcconfig */ = {isa = PBXFileReference; includeInIndex = 1; lastKnownFileType = text.xcconfig; name = "Pods-Tekever-DigitalUITests.debug.xcconfig"; path = "Target Support Files/Pods-Tekever-DigitalUITests/Pods-Tekever-DigitalUITests.debug.xcconfig"; sourceTree = "<group>"; };
		9DFDE8EF9629B04C5E76CB96 /* Pods-Tekever-Digital.debug.xcconfig */ = {isa = PBXFileReference; includeInIndex = 1; lastKnownFileType = text.xcconfig; name = "Pods-Tekever-Digital.debug.xcconfig"; path = "Target Support Files/Pods-Tekever-Digital/Pods-Tekever-Digital.debug.xcconfig"; sourceTree = "<group>"; };
		B2BEA98F2D86D5FF398F5158 /* Pods_Tekever_DigitalTests.framework */ = {isa = PBXFileReference; explicitFileType = wrapper.framework; includeInIndex = 0; path = Pods_Tekever_DigitalTests.framework; sourceTree = BUILT_PRODUCTS_DIR; };
		C00ACD083763F6E1E01E77EE /* Pods-Tekever-DigitalTests.release.xcconfig */ = {isa = PBXFileReference; includeInIndex = 1; lastKnownFileType = text.xcconfig; name = "Pods-Tekever-DigitalTests.release.xcconfig"; path = "Target Support Files/Pods-Tekever-DigitalTests/Pods-Tekever-DigitalTests.release.xcconfig"; sourceTree = "<group>"; };
		E8AFD17E234403B100BB648B /* Tekever-Digital.app */ = {isa = PBXFileReference; explicitFileType = wrapper.application; includeInIndex = 0; path = "Tekever-Digital.app"; sourceTree = BUILT_PRODUCTS_DIR; };
		E8AFD181234403B100BB648B /* AppDelegate.h */ = {isa = PBXFileReference; lastKnownFileType = sourcecode.c.h; path = AppDelegate.h; sourceTree = "<group>"; };
		E8AFD182234403B100BB648B /* AppDelegate.m */ = {isa = PBXFileReference; lastKnownFileType = sourcecode.c.objc; path = AppDelegate.m; sourceTree = "<group>"; };
		E8AFD184234403B100BB648B /* PeopleList.h */ = {isa = PBXFileReference; lastKnownFileType = sourcecode.c.h; path = PeopleList.h; sourceTree = "<group>"; };
		E8AFD185234403B100BB648B /* PeopleList.m */ = {isa = PBXFileReference; lastKnownFileType = sourcecode.c.objc; path = PeopleList.m; sourceTree = "<group>"; };
		E8AFD188234403B100BB648B /* Base */ = {isa = PBXFileReference; lastKnownFileType = file.storyboard; name = Base; path = Base.lproj/Main.storyboard; sourceTree = "<group>"; };
		E8AFD18F234403B300BB648B /* Info.plist */ = {isa = PBXFileReference; lastKnownFileType = text.plist.xml; path = Info.plist; sourceTree = "<group>"; };
		E8AFD190234403B300BB648B /* main.m */ = {isa = PBXFileReference; lastKnownFileType = sourcecode.c.objc; path = main.m; sourceTree = "<group>"; };
		E8AFD196234403B300BB648B /* Tekever-DigitalTests.xctest */ = {isa = PBXFileReference; explicitFileType = wrapper.cfbundle; includeInIndex = 0; path = "Tekever-DigitalTests.xctest"; sourceTree = BUILT_PRODUCTS_DIR; };
		E8AFD19A234403B300BB648B /* Tekever_DigitalTests.m */ = {isa = PBXFileReference; lastKnownFileType = sourcecode.c.objc; path = Tekever_DigitalTests.m; sourceTree = "<group>"; };
		E8AFD19C234403B300BB648B /* Info.plist */ = {isa = PBXFileReference; lastKnownFileType = text.plist.xml; path = Info.plist; sourceTree = "<group>"; };
		E8AFD1A1234403B300BB648B /* Tekever-DigitalUITests.xctest */ = {isa = PBXFileReference; explicitFileType = wrapper.cfbundle; includeInIndex = 0; path = "Tekever-DigitalUITests.xctest"; sourceTree = BUILT_PRODUCTS_DIR; };
		E8AFD1A5234403B300BB648B /* Tekever_DigitalUITests.m */ = {isa = PBXFileReference; lastKnownFileType = sourcecode.c.objc; path = Tekever_DigitalUITests.m; sourceTree = "<group>"; };
		E8AFD1A7234403B300BB648B /* Info.plist */ = {isa = PBXFileReference; lastKnownFileType = text.plist.xml; path = Info.plist; sourceTree = "<group>"; };
		E8AFD1B62344110E00BB648B /* APIClient.h */ = {isa = PBXFileReference; fileEncoding = 4; lastKnownFileType = sourcecode.c.h; path = APIClient.h; sourceTree = "<group>"; };
		E8AFD1B72344110E00BB648B /* APIClient.m */ = {isa = PBXFileReference; fileEncoding = 4; lastKnownFileType = sourcecode.c.objc; path = APIClient.m; sourceTree = "<group>"; };
		E8AFD1B9234411D000BB648B /* Person.h */ = {isa = PBXFileReference; fileEncoding = 4; lastKnownFileType = sourcecode.c.h; path = Person.h; sourceTree = "<group>"; };
		E8AFD1BA234411D000BB648B /* Person.m */ = {isa = PBXFileReference; fileEncoding = 4; lastKnownFileType = sourcecode.c.objc; path = Person.m; sourceTree = "<group>"; };
		E8AFD1BD23466BD500BB648B /* PersonCellView.m */ = {isa = PBXFileReference; fileEncoding = 4; lastKnownFileType = sourcecode.c.objc; path = PersonCellView.m; sourceTree = "<group>"; };
		E8AFD1C023473CCA00BB648B /* PersonCellView.h */ = {isa = PBXFileReference; fileEncoding = 4; lastKnownFileType = sourcecode.c.h; path = PersonCellView.h; sourceTree = "<group>"; };
		E8AFD1C72347DF6C00BB648B /* PersonDetails.m */ = {isa = PBXFileReference; fileEncoding = 4; lastKnownFileType = sourcecode.c.objc; path = PersonDetails.m; sourceTree = "<group>"; };
		E8AFD1C82347DF6C00BB648B /* PersonDetails.h */ = {isa = PBXFileReference; fileEncoding = 4; lastKnownFileType = sourcecode.c.h; path = PersonDetails.h; sourceTree = "<group>"; };
		EACD253ED6155D6A2CDFB00B /* Pods-Tekever-Digital.release.xcconfig */ = {isa = PBXFileReference; includeInIndex = 1; lastKnownFileType = text.xcconfig; name = "Pods-Tekever-Digital.release.xcconfig"; path = "Target Support Files/Pods-Tekever-Digital/Pods-Tekever-Digital.release.xcconfig"; sourceTree = "<group>"; };
/* End PBXFileReference section */

/* Begin PBXFrameworksBuildPhase section */
		E8AFD17B234403B100BB648B /* Frameworks */ = {
			isa = PBXFrameworksBuildPhase;
			buildActionMask = 2147483647;
			files = (
				EC8FDC3BCF393BE43E879967 /* Pods_Tekever_Digital.framework in Frameworks */,
			);
			runOnlyForDeploymentPostprocessing = 0;
		};
		E8AFD193234403B300BB648B /* Frameworks */ = {
			isa = PBXFrameworksBuildPhase;
			buildActionMask = 2147483647;
			files = (
				4483A49625902B98283DC1B7 /* Pods_Tekever_DigitalTests.framework in Frameworks */,
			);
			runOnlyForDeploymentPostprocessing = 0;
		};
		E8AFD19E234403B300BB648B /* Frameworks */ = {
			isa = PBXFrameworksBuildPhase;
			buildActionMask = 2147483647;
			files = (
				7AA69FCE603BE8D298F2D6CB /* Pods_Tekever_DigitalUITests.framework in Frameworks */,
			);
			runOnlyForDeploymentPostprocessing = 0;
		};
/* End PBXFrameworksBuildPhase section */

/* Begin PBXGroup section */
		1E5F5B216A311C56CED97315 /* Frameworks */ = {
			isa = PBXGroup;
			children = (
				339BFF1ABDD964BD43A02935 /* Pods_Tekever_Digital.framework */,
				B2BEA98F2D86D5FF398F5158 /* Pods_Tekever_DigitalTests.framework */,
				3C6AC98606A3059CB61F9FB2 /* Pods_Tekever_DigitalUITests.framework */,
			);
			name = Frameworks;
			sourceTree = "<group>";
		};
		452E4F3264497D548D94ECC5 /* Pods */ = {
			isa = PBXGroup;
			children = (
				9DFDE8EF9629B04C5E76CB96 /* Pods-Tekever-Digital.debug.xcconfig */,
				EACD253ED6155D6A2CDFB00B /* Pods-Tekever-Digital.release.xcconfig */,
				624D9FFD4D1979C7A64AD43E /* Pods-Tekever-DigitalTests.debug.xcconfig */,
				C00ACD083763F6E1E01E77EE /* Pods-Tekever-DigitalTests.release.xcconfig */,
				730888FC9DBD1F04DA03A1CE /* Pods-Tekever-DigitalUITests.debug.xcconfig */,
				63FDC62BAA5AB79BFD1EE8DB /* Pods-Tekever-DigitalUITests.release.xcconfig */,
			);
			path = Pods;
			sourceTree = "<group>";
		};
		E8AFD175234403B100BB648B = {
			isa = PBXGroup;
			children = (
				E8AFD180234403B100BB648B /* Tekever-Digital */,
				E8AFD199234403B300BB648B /* Tekever-DigitalTests */,
				E8AFD1A4234403B300BB648B /* Tekever-DigitalUITests */,
				E8AFD17F234403B100BB648B /* Products */,
				452E4F3264497D548D94ECC5 /* Pods */,
				1E5F5B216A311C56CED97315 /* Frameworks */,
			);
			sourceTree = "<group>";
		};
		E8AFD17F234403B100BB648B /* Products */ = {
			isa = PBXGroup;
			children = (
				E8AFD17E234403B100BB648B /* Tekever-Digital.app */,
				E8AFD196234403B300BB648B /* Tekever-DigitalTests.xctest */,
				E8AFD1A1234403B300BB648B /* Tekever-DigitalUITests.xctest */,
			);
			name = Products;
			sourceTree = "<group>";
		};
		E8AFD180234403B100BB648B /* Tekever-Digital */ = {
			isa = PBXGroup;
			children = (
				E8AFD1CC2347EA5D00BB648B /* Storyboard */,
				E8AFD1CB2347EA5300BB648B /* Delegates */,
				E8AFD1BC2346691700BB648B /* Views */,
				E8AFD1B5234410A800BB648B /* Models */,
				E8AFD1B4234410A200BB648B /* Network */,
				E8AFD1B32344106C00BB648B /* Controllers */,
				E8AFD18F234403B300BB648B /* Info.plist */,
			);
			path = "Tekever-Digital";
			sourceTree = "<group>";
		};
		E8AFD199234403B300BB648B /* Tekever-DigitalTests */ = {
			isa = PBXGroup;
			children = (
				E8AFD19A234403B300BB648B /* Tekever_DigitalTests.m */,
				E8AFD19C234403B300BB648B /* Info.plist */,
			);
			path = "Tekever-DigitalTests";
			sourceTree = "<group>";
		};
		E8AFD1A4234403B300BB648B /* Tekever-DigitalUITests */ = {
			isa = PBXGroup;
			children = (
				E8AFD1A5234403B300BB648B /* Tekever_DigitalUITests.m */,
				E8AFD1A7234403B300BB648B /* Info.plist */,
			);
			path = "Tekever-DigitalUITests";
			sourceTree = "<group>";
		};
		E8AFD1B32344106C00BB648B /* Controllers */ = {
			isa = PBXGroup;
			children = (
				E8AFD1C62347DF1100BB648B /* PersonDetails */,
				E8AFD1C52347DF0A00BB648B /* PeopleList */,
			);
			path = Controllers;
			sourceTree = "<group>";
		};
		E8AFD1B4234410A200BB648B /* Network */ = {
			isa = PBXGroup;
			children = (
				E8AFD1B62344110E00BB648B /* APIClient.h */,
				E8AFD1B72344110E00BB648B /* APIClient.m */,
			);
			path = Network;
			sourceTree = "<group>";
		};
		E8AFD1B5234410A800BB648B /* Models */ = {
			isa = PBXGroup;
			children = (
				E8AFD1B9234411D000BB648B /* Person.h */,
				E8AFD1BA234411D000BB648B /* Person.m */,
			);
			path = Models;
			sourceTree = "<group>";
		};
		E8AFD1BC2346691700BB648B /* Views */ = {
			isa = PBXGroup;
			children = (
				E8AFD1C023473CCA00BB648B /* PersonCellView.h */,
				E8AFD1BD23466BD500BB648B /* PersonCellView.m */,
			);
			path = Views;
			sourceTree = "<group>";
		};
		E8AFD1C52347DF0A00BB648B /* PeopleList */ = {
			isa = PBXGroup;
			children = (
				E8AFD184234403B100BB648B /* PeopleList.h */,
				E8AFD185234403B100BB648B /* PeopleList.m */,
			);
			path = PeopleList;
			sourceTree = "<group>";
		};
		E8AFD1C62347DF1100BB648B /* PersonDetails */ = {
			isa = PBXGroup;
			children = (
				E8AFD1C82347DF6C00BB648B /* PersonDetails.h */,
				E8AFD1C72347DF6C00BB648B /* PersonDetails.m */,
			);
			path = PersonDetails;
			sourceTree = "<group>";
		};
		E8AFD1CB2347EA5300BB648B /* Delegates */ = {
			isa = PBXGroup;
			children = (
				E8AFD181234403B100BB648B /* AppDelegate.h */,
				E8AFD182234403B100BB648B /* AppDelegate.m */,
			);
			path = Delegates;
			sourceTree = "<group>";
		};
		E8AFD1CC2347EA5D00BB648B /* Storyboard */ = {
			isa = PBXGroup;
			children = (
				E8AFD190234403B300BB648B /* main.m */,
				E8AFD187234403B100BB648B /* Main.storyboard */,
			);
			path = Storyboard;
			sourceTree = "<group>";
		};
/* End PBXGroup section */

/* Begin PBXNativeTarget section */
		E8AFD17D234403B100BB648B /* Tekever-Digital */ = {
			isa = PBXNativeTarget;
			buildConfigurationList = E8AFD1AA234403B300BB648B /* Build configuration list for PBXNativeTarget "Tekever-Digital" */;
			buildPhases = (
				9C94A792555526B3C385D8C9 /* [CP] Check Pods Manifest.lock */,
				E8AFD17A234403B100BB648B /* Sources */,
				E8AFD17B234403B100BB648B /* Frameworks */,
				E8AFD17C234403B100BB648B /* Resources */,
				C90EF01AF182CA6C4B953122 /* [CP] Embed Pods Frameworks */,
			);
			buildRules = (
			);
			dependencies = (
			);
			name = "Tekever-Digital";
			productName = "Tekever-Digital";
			productReference = E8AFD17E234403B100BB648B /* Tekever-Digital.app */;
			productType = "com.apple.product-type.application";
		};
		E8AFD195234403B300BB648B /* Tekever-DigitalTests */ = {
			isa = PBXNativeTarget;
			buildConfigurationList = E8AFD1AD234403B300BB648B /* Build configuration list for PBXNativeTarget "Tekever-DigitalTests" */;
			buildPhases = (
				D75781B3CD833ABE3A068C6B /* [CP] Check Pods Manifest.lock */,
				E8AFD192234403B300BB648B /* Sources */,
				E8AFD193234403B300BB648B /* Frameworks */,
				E8AFD194234403B300BB648B /* Resources */,
			);
			buildRules = (
			);
			dependencies = (
				E8AFD198234403B300BB648B /* PBXTargetDependency */,
			);
			name = "Tekever-DigitalTests";
			productName = "Tekever-DigitalTests";
			productReference = E8AFD196234403B300BB648B /* Tekever-DigitalTests.xctest */;
			productType = "com.apple.product-type.bundle.unit-test";
		};
		E8AFD1A0234403B300BB648B /* Tekever-DigitalUITests */ = {
			isa = PBXNativeTarget;
			buildConfigurationList = E8AFD1B0234403B300BB648B /* Build configuration list for PBXNativeTarget "Tekever-DigitalUITests" */;
			buildPhases = (
				7A391EEE740FE863B93F49F8 /* [CP] Check Pods Manifest.lock */,
				E8AFD19D234403B300BB648B /* Sources */,
				E8AFD19E234403B300BB648B /* Frameworks */,
				E8AFD19F234403B300BB648B /* Resources */,
			);
			buildRules = (
			);
			dependencies = (
				E8AFD1A3234403B300BB648B /* PBXTargetDependency */,
			);
			name = "Tekever-DigitalUITests";
			productName = "Tekever-DigitalUITests";
			productReference = E8AFD1A1234403B300BB648B /* Tekever-DigitalUITests.xctest */;
			productType = "com.apple.product-type.bundle.ui-testing";
		};
/* End PBXNativeTarget section */

/* Begin PBXProject section */
		E8AFD176234403B100BB648B /* Project object */ = {
			isa = PBXProject;
			attributes = {
				LastUpgradeCheck = 1030;
				ORGANIZATIONNAME = "Osama Fawzi";
				TargetAttributes = {
					E8AFD17D234403B100BB648B = {
						CreatedOnToolsVersion = 10.3;
					};
					E8AFD195234403B300BB648B = {
						CreatedOnToolsVersion = 10.3;
						TestTargetID = E8AFD17D234403B100BB648B;
					};
					E8AFD1A0234403B300BB648B = {
						CreatedOnToolsVersion = 10.3;
						TestTargetID = E8AFD17D234403B100BB648B;
					};
				};
			};
			buildConfigurationList = E8AFD179234403B100BB648B /* Build configuration list for PBXProject "Tekever-Digital" */;
			compatibilityVersion = "Xcode 9.3";
			developmentRegion = en;
			hasScannedForEncodings = 0;
			knownRegions = (
				en,
				Base,
			);
			mainGroup = E8AFD175234403B100BB648B;
			productRefGroup = E8AFD17F234403B100BB648B /* Products */;
			projectDirPath = "";
			projectRoot = "";
			targets = (
				E8AFD17D234403B100BB648B /* Tekever-Digital */,
				E8AFD195234403B300BB648B /* Tekever-DigitalTests */,
				E8AFD1A0234403B300BB648B /* Tekever-DigitalUITests */,
			);
		};
/* End PBXProject section */

/* Begin PBXResourcesBuildPhase section */
		E8AFD17C234403B100BB648B /* Resources */ = {
			isa = PBXResourcesBuildPhase;
			buildActionMask = 2147483647;
			files = (
				E8AFD189234403B100BB648B /* Main.storyboard in Resources */,
			);
			runOnlyForDeploymentPostprocessing = 0;
		};
		E8AFD194234403B300BB648B /* Resources */ = {
			isa = PBXResourcesBuildPhase;
			buildActionMask = 2147483647;
			files = (
			);
			runOnlyForDeploymentPostprocessing = 0;
		};
		E8AFD19F234403B300BB648B /* Resources */ = {
			isa = PBXResourcesBuildPhase;
			buildActionMask = 2147483647;
			files = (
			);
			runOnlyForDeploymentPostprocessing = 0;
		};
/* End PBXResourcesBuildPhase section */

/* Begin PBXShellScriptBuildPhase section */
		7A391EEE740FE863B93F49F8 /* [CP] Check Pods Manifest.lock */ = {
			isa = PBXShellScriptBuildPhase;
			buildActionMask = 2147483647;
			files = (
			);
			inputFileListPaths = (
			);
			inputPaths = (
				"${PODS_PODFILE_DIR_PATH}/Podfile.lock",
				"${PODS_ROOT}/Manifest.lock",
			);
			name = "[CP] Check Pods Manifest.lock";
			outputFileListPaths = (
			);
			outputPaths = (
				"$(DERIVED_FILE_DIR)/Pods-Tekever-DigitalUITests-checkManifestLockResult.txt",
			);
			runOnlyForDeploymentPostprocessing = 0;
			shellPath = /bin/sh;
			shellScript = "diff \"${PODS_PODFILE_DIR_PATH}/Podfile.lock\" \"${PODS_ROOT}/Manifest.lock\" > /dev/null\nif [ $? != 0 ] ; then\n    # print error to STDERR\n    echo \"error: The sandbox is not in sync with the Podfile.lock. Run 'pod install' or update your CocoaPods installation.\" >&2\n    exit 1\nfi\n# This output is used by Xcode 'outputs' to avoid re-running this script phase.\necho \"SUCCESS\" > \"${SCRIPT_OUTPUT_FILE_0}\"\n";
			showEnvVarsInLog = 0;
		};
		9C94A792555526B3C385D8C9 /* [CP] Check Pods Manifest.lock */ = {
			isa = PBXShellScriptBuildPhase;
			buildActionMask = 2147483647;
			files = (
			);
			inputFileListPaths = (
			);
			inputPaths = (
				"${PODS_PODFILE_DIR_PATH}/Podfile.lock",
				"${PODS_ROOT}/Manifest.lock",
			);
			name = "[CP] Check Pods Manifest.lock";
			outputFileListPaths = (
			);
			outputPaths = (
				"$(DERIVED_FILE_DIR)/Pods-Tekever-Digital-checkManifestLockResult.txt",
			);
			runOnlyForDeploymentPostprocessing = 0;
			shellPath = /bin/sh;
			shellScript = "diff \"${PODS_PODFILE_DIR_PATH}/Podfile.lock\" \"${PODS_ROOT}/Manifest.lock\" > /dev/null\nif [ $? != 0 ] ; then\n    # print error to STDERR\n    echo \"error: The sandbox is not in sync with the Podfile.lock. Run 'pod install' or update your CocoaPods installation.\" >&2\n    exit 1\nfi\n# This output is used by Xcode 'outputs' to avoid re-running this script phase.\necho \"SUCCESS\" > \"${SCRIPT_OUTPUT_FILE_0}\"\n";
			showEnvVarsInLog = 0;
		};
		C90EF01AF182CA6C4B953122 /* [CP] Embed Pods Frameworks */ = {
			isa = PBXShellScriptBuildPhase;
			buildActionMask = 2147483647;
			files = (
			);
			inputFileListPaths = (
				"${PODS_ROOT}/Target Support Files/Pods-Tekever-Digital/Pods-Tekever-Digital-frameworks-${CONFIGURATION}-input-files.xcfilelist",
			);
			name = "[CP] Embed Pods Frameworks";
			outputFileListPaths = (
				"${PODS_ROOT}/Target Support Files/Pods-Tekever-Digital/Pods-Tekever-Digital-frameworks-${CONFIGURATION}-output-files.xcfilelist",
			);
			runOnlyForDeploymentPostprocessing = 0;
			shellPath = /bin/sh;
			shellScript = "\"${PODS_ROOT}/Target Support Files/Pods-Tekever-Digital/Pods-Tekever-Digital-frameworks.sh\"\n";
			showEnvVarsInLog = 0;
		};
		D75781B3CD833ABE3A068C6B /* [CP] Check Pods Manifest.lock */ = {
			isa = PBXShellScriptBuildPhase;
			buildActionMask = 2147483647;
			files = (
			);
			inputFileListPaths = (
			);
			inputPaths = (
				"${PODS_PODFILE_DIR_PATH}/Podfile.lock",
				"${PODS_ROOT}/Manifest.lock",
			);
			name = "[CP] Check Pods Manifest.lock";
			outputFileListPaths = (
			);
			outputPaths = (
				"$(DERIVED_FILE_DIR)/Pods-Tekever-DigitalTests-checkManifestLockResult.txt",
			);
			runOnlyForDeploymentPostprocessing = 0;
			shellPath = /bin/sh;
			shellScript = "diff \"${PODS_PODFILE_DIR_PATH}/Podfile.lock\" \"${PODS_ROOT}/Manifest.lock\" > /dev/null\nif [ $? != 0 ] ; then\n    # print error to STDERR\n    echo \"error: The sandbox is not in sync with the Podfile.lock. Run 'pod install' or update your CocoaPods installation.\" >&2\n    exit 1\nfi\n# This output is used by Xcode 'outputs' to avoid re-running this script phase.\necho \"SUCCESS\" > \"${SCRIPT_OUTPUT_FILE_0}\"\n";
			showEnvVarsInLog = 0;
		};
/* End PBXShellScriptBuildPhase section */

/* Begin PBXSourcesBuildPhase section */
		E8AFD17A234403B100BB648B /* Sources */ = {
			isa = PBXSourcesBuildPhase;
			buildActionMask = 2147483647;
			files = (
				E8AFD1CA2347E03000BB648B /* PersonDetails.h in Sources */,
				E8AFD1C92347DF6C00BB648B /* PersonDetails.m in Sources */,
				E8AFD1C42347498C00BB648B /* APIClient.h in Sources */,
				E8AFD1C32347498500BB648B /* PersonCellView.h in Sources */,
				E8AFD1C22347498100BB648B /* Person.h in Sources */,
				E8AFD1C12347497900BB648B /* PeopleList.h in Sources */,
				E8AFD1BF23466BD500BB648B /* PersonCellView.m in Sources */,
				E8AFD1BB234411D000BB648B /* Person.m in Sources */,
				E8AFD1B82344110E00BB648B /* APIClient.m in Sources */,
				E8AFD186234403B100BB648B /* PeopleList.m in Sources */,
				E8AFD191234403B300BB648B /* main.m in Sources */,
				E8AFD183234403B100BB648B /* AppDelegate.m in Sources */,
			);
			runOnlyForDeploymentPostprocessing = 0;
		};
		E8AFD192234403B300BB648B /* Sources */ = {
			isa = PBXSourcesBuildPhase;
			buildActionMask = 2147483647;
			files = (
				E8AFD19B234403B300BB648B /* Tekever_DigitalTests.m in Sources */,
			);
			runOnlyForDeploymentPostprocessing = 0;
		};
		E8AFD19D234403B300BB648B /* Sources */ = {
			isa = PBXSourcesBuildPhase;
			buildActionMask = 2147483647;
			files = (
				E8AFD1A6234403B300BB648B /* Tekever_DigitalUITests.m in Sources */,
			);
			runOnlyForDeploymentPostprocessing = 0;
		};
/* End PBXSourcesBuildPhase section */

/* Begin PBXTargetDependency section */
		E8AFD198234403B300BB648B /* PBXTargetDependency */ = {
			isa = PBXTargetDependency;
			target = E8AFD17D234403B100BB648B /* Tekever-Digital */;
			targetProxy = E8AFD197234403B300BB648B /* PBXContainerItemProxy */;
		};
		E8AFD1A3234403B300BB648B /* PBXTargetDependency */ = {
			isa = PBXTargetDependency;
			target = E8AFD17D234403B100BB648B /* Tekever-Digital */;
			targetProxy = E8AFD1A2234403B300BB648B /* PBXContainerItemProxy */;
		};
/* End PBXTargetDependency section */

/* Begin PBXVariantGroup section */
		E8AFD187234403B100BB648B /* Main.storyboard */ = {
			isa = PBXVariantGroup;
			children = (
				E8AFD188234403B100BB648B /* Base */,
			);
			name = Main.storyboard;
			sourceTree = "<group>";
		};
/* End PBXVariantGroup section */

/* Begin XCBuildConfiguration section */
		E8AFD1A8234403B300BB648B /* Debug */ = {
			isa = XCBuildConfiguration;
			buildSettings = {
				ALWAYS_SEARCH_USER_PATHS = NO;
				CLANG_ANALYZER_NONNULL = YES;
				CLANG_ANALYZER_NUMBER_OBJECT_CONVERSION = YES_AGGRESSIVE;
				CLANG_CXX_LANGUAGE_STANDARD = "gnu++14";
				CLANG_CXX_LIBRARY = "libc++";
				CLANG_ENABLE_MODULES = YES;
				CLANG_ENABLE_OBJC_ARC = YES;
				CLANG_ENABLE_OBJC_WEAK = YES;
				CLANG_WARN_BLOCK_CAPTURE_AUTORELEASING = YES;
				CLANG_WARN_BOOL_CONVERSION = YES;
				CLANG_WARN_COMMA = YES;
				CLANG_WARN_CONSTANT_CONVERSION = YES;
				CLANG_WARN_DEPRECATED_OBJC_IMPLEMENTATIONS = YES;
				CLANG_WARN_DIRECT_OBJC_ISA_USAGE = YES_ERROR;
				CLANG_WARN_DOCUMENTATION_COMMENTS = YES;
				CLANG_WARN_EMPTY_BODY = YES;
				CLANG_WARN_ENUM_CONVERSION = YES;
				CLANG_WARN_INFINITE_RECURSION = YES;
				CLANG_WARN_INT_CONVERSION = YES;
				CLANG_WARN_NON_LITERAL_NULL_CONVERSION = YES;
				CLANG_WARN_OBJC_IMPLICIT_RETAIN_SELF = YES;
				CLANG_WARN_OBJC_LITERAL_CONVERSION = YES;
				CLANG_WARN_OBJC_ROOT_CLASS = YES_ERROR;
				CLANG_WARN_RANGE_LOOP_ANALYSIS = YES;
				CLANG_WARN_STRICT_PROTOTYPES = YES;
				CLANG_WARN_SUSPICIOUS_MOVE = YES;
				CLANG_WARN_UNGUARDED_AVAILABILITY = YES_AGGRESSIVE;
				CLANG_WARN_UNREACHABLE_CODE = YES;
				CLANG_WARN__DUPLICATE_METHOD_MATCH = YES;
				CODE_SIGN_IDENTITY = "iPhone Developer";
				COPY_PHASE_STRIP = NO;
				DEBUG_INFORMATION_FORMAT = dwarf;
				ENABLE_STRICT_OBJC_MSGSEND = YES;
				ENABLE_TESTABILITY = YES;
				GCC_C_LANGUAGE_STANDARD = gnu11;
				GCC_DYNAMIC_NO_PIC = NO;
				GCC_NO_COMMON_BLOCKS = YES;
				GCC_OPTIMIZATION_LEVEL = 0;
				GCC_PREPROCESSOR_DEFINITIONS = (
					"DEBUG=1",
					"$(inherited)",
				);
				GCC_WARN_64_TO_32_BIT_CONVERSION = YES;
				GCC_WARN_ABOUT_RETURN_TYPE = YES_ERROR;
				GCC_WARN_UNDECLARED_SELECTOR = YES;
				GCC_WARN_UNINITIALIZED_AUTOS = YES_AGGRESSIVE;
				GCC_WARN_UNUSED_FUNCTION = YES;
				GCC_WARN_UNUSED_VARIABLE = YES;
				IPHONEOS_DEPLOYMENT_TARGET = 12.4;
				MTL_ENABLE_DEBUG_INFO = INCLUDE_SOURCE;
				MTL_FAST_MATH = YES;
				ONLY_ACTIVE_ARCH = YES;
				SDKROOT = iphoneos;
			};
			name = Debug;
		};
		E8AFD1A9234403B300BB648B /* Release */ = {
			isa = XCBuildConfiguration;
			buildSettings = {
				ALWAYS_SEARCH_USER_PATHS = NO;
				CLANG_ANALYZER_NONNULL = YES;
				CLANG_ANALYZER_NUMBER_OBJECT_CONVERSION = YES_AGGRESSIVE;
				CLANG_CXX_LANGUAGE_STANDARD = "gnu++14";
				CLANG_CXX_LIBRARY = "libc++";
				CLANG_ENABLE_MODULES = YES;
				CLANG_ENABLE_OBJC_ARC = YES;
				CLANG_ENABLE_OBJC_WEAK = YES;
				CLANG_WARN_BLOCK_CAPTURE_AUTORELEASING = YES;
				CLANG_WARN_BOOL_CONVERSION = YES;
				CLANG_WARN_COMMA = YES;
				CLANG_WARN_CONSTANT_CONVERSION = YES;
				CLANG_WARN_DEPRECATED_OBJC_IMPLEMENTATIONS = YES;
				CLANG_WARN_DIRECT_OBJC_ISA_USAGE = YES_ERROR;
				CLANG_WARN_DOCUMENTATION_COMMENTS = YES;
				CLANG_WARN_EMPTY_BODY = YES;
				CLANG_WARN_ENUM_CONVERSION = YES;
				CLANG_WARN_INFINITE_RECURSION = YES;
				CLANG_WARN_INT_CONVERSION = YES;
				CLANG_WARN_NON_LITERAL_NULL_CONVERSION = YES;
				CLANG_WARN_OBJC_IMPLICIT_RETAIN_SELF = YES;
				CLANG_WARN_OBJC_LITERAL_CONVERSION = YES;
				CLANG_WARN_OBJC_ROOT_CLASS = YES_ERROR;
				CLANG_WARN_RANGE_LOOP_ANALYSIS = YES;
				CLANG_WARN_STRICT_PROTOTYPES = YES;
				CLANG_WARN_SUSPICIOUS_MOVE = YES;
				CLANG_WARN_UNGUARDED_AVAILABILITY = YES_AGGRESSIVE;
				CLANG_WARN_UNREACHABLE_CODE = YES;
				CLANG_WARN__DUPLICATE_METHOD_MATCH = YES;
				CODE_SIGN_IDENTITY = "iPhone Developer";
				COPY_PHASE_STRIP = NO;
				DEBUG_INFORMATION_FORMAT = "dwarf-with-dsym";
				ENABLE_NS_ASSERTIONS = NO;
				ENABLE_STRICT_OBJC_MSGSEND = YES;
				GCC_C_LANGUAGE_STANDARD = gnu11;
				GCC_NO_COMMON_BLOCKS = YES;
				GCC_WARN_64_TO_32_BIT_CONVERSION = YES;
				GCC_WARN_ABOUT_RETURN_TYPE = YES_ERROR;
				GCC_WARN_UNDECLARED_SELECTOR = YES;
				GCC_WARN_UNINITIALIZED_AUTOS = YES_AGGRESSIVE;
				GCC_WARN_UNUSED_FUNCTION = YES;
				GCC_WARN_UNUSED_VARIABLE = YES;
				IPHONEOS_DEPLOYMENT_TARGET = 12.4;
				MTL_ENABLE_DEBUG_INFO = NO;
				MTL_FAST_MATH = YES;
				SDKROOT = iphoneos;
				VALIDATE_PRODUCT = YES;
			};
			name = Release;
		};
		E8AFD1AB234403B300BB648B /* Debug */ = {
			isa = XCBuildConfiguration;
			baseConfigurationReference = 9DFDE8EF9629B04C5E76CB96 /* Pods-Tekever-Digital.debug.xcconfig */;
			buildSettings = {
				ASSETCATALOG_COMPILER_APPICON_NAME = AppIcon;
				CODE_SIGN_STYLE = Automatic;
				DEVELOPMENT_TEAM = MBW39N94XN;
				INFOPLIST_FILE = "Tekever-Digital/Info.plist";
				IPHONEOS_DEPLOYMENT_TARGET = 9.3;
				LD_RUNPATH_SEARCH_PATHS = (
					"$(inherited)",
					"@executable_path/Frameworks",
				);
				PRODUCT_BUNDLE_IDENTIFIER = "com.Tekever-Digital.Tekever-Digital";
				PRODUCT_NAME = "$(TARGET_NAME)";
				TARGETED_DEVICE_FAMILY = "1,2";
			};
			name = Debug;
		};
		E8AFD1AC234403B300BB648B /* Release */ = {
			isa = XCBuildConfiguration;
			baseConfigurationReference = EACD253ED6155D6A2CDFB00B /* Pods-Tekever-Digital.release.xcconfig */;
			buildSettings = {
				ASSETCATALOG_COMPILER_APPICON_NAME = AppIcon;
				CODE_SIGN_STYLE = Automatic;
				DEVELOPMENT_TEAM = MBW39N94XN;
				INFOPLIST_FILE = "Tekever-Digital/Info.plist";
				IPHONEOS_DEPLOYMENT_TARGET = 9.3;
				LD_RUNPATH_SEARCH_PATHS = (
					"$(inherited)",
					"@executable_path/Frameworks",
				);
				PRODUCT_BUNDLE_IDENTIFIER = "com.Tekever-Digital.Tekever-Digital";
				PRODUCT_NAME = "$(TARGET_NAME)";
				TARGETED_DEVICE_FAMILY = "1,2";
			};
			name = Release;
		};
		E8AFD1AE234403B300BB648B /* Debug */ = {
			isa = XCBuildConfiguration;
			baseConfigurationReference = 624D9FFD4D1979C7A64AD43E /* Pods-Tekever-DigitalTests.debug.xcconfig */;
			buildSettings = {
				BUNDLE_LOADER = "$(TEST_HOST)";
				CODE_SIGN_STYLE = Automatic;
				DEVELOPMENT_TEAM = SACQADJ78B;
				INFOPLIST_FILE = "Tekever-DigitalTests/Info.plist";
				LD_RUNPATH_SEARCH_PATHS = (
					"$(inherited)",
					"@executable_path/Frameworks",
					"@loader_path/Frameworks",
				);
				PRODUCT_BUNDLE_IDENTIFIER = "Tekever-Digital.Tekever-DigitalTests";
				PRODUCT_NAME = "$(TARGET_NAME)";
				TARGETED_DEVICE_FAMILY = "1,2";
				TEST_HOST = "$(BUILT_PRODUCTS_DIR)/Tekever-Digital.app/Tekever-Digital";
			};
			name = Debug;
		};
		E8AFD1AF234403B300BB648B /* Release */ = {
			isa = XCBuildConfiguration;
			baseConfigurationReference = C00ACD083763F6E1E01E77EE /* Pods-Tekever-DigitalTests.release.xcconfig */;
			buildSettings = {
				BUNDLE_LOADER = "$(TEST_HOST)";
				CODE_SIGN_STYLE = Automatic;
				DEVELOPMENT_TEAM = SACQADJ78B;
				INFOPLIST_FILE = "Tekever-DigitalTests/Info.plist";
				LD_RUNPATH_SEARCH_PATHS = (
					"$(inherited)",
					"@executable_path/Frameworks",
					"@loader_path/Frameworks",
				);
				PRODUCT_BUNDLE_IDENTIFIER = "Tekever-Digital.Tekever-DigitalTests";
				PRODUCT_NAME = "$(TARGET_NAME)";
				TARGETED_DEVICE_FAMILY = "1,2";
				TEST_HOST = "$(BUILT_PRODUCTS_DIR)/Tekever-Digital.app/Tekever-Digital";
			};
			name = Release;
		};
		E8AFD1B1234403B300BB648B /* Debug */ = {
			isa = XCBuildConfiguration;
			baseConfigurationReference = 730888FC9DBD1F04DA03A1CE /* Pods-Tekever-DigitalUITests.debug.xcconfig */;
			buildSettings = {
				CODE_SIGN_STYLE = Automatic;
				DEVELOPMENT_TEAM = SACQADJ78B;
				INFOPLIST_FILE = "Tekever-DigitalUITests/Info.plist";
				LD_RUNPATH_SEARCH_PATHS = (
					"$(inherited)",
					"@executable_path/Frameworks",
					"@loader_path/Frameworks",
				);
				PRODUCT_BUNDLE_IDENTIFIER = "Tekever-Digital.Tekever-DigitalUITests";
				PRODUCT_NAME = "$(TARGET_NAME)";
				TARGETED_DEVICE_FAMILY = "1,2";
				TEST_TARGET_NAME = "Tekever-Digital";
			};
			name = Debug;
		};
		E8AFD1B2234403B300BB648B /* Release */ = {
			isa = XCBuildConfiguration;
			baseConfigurationReference = 63FDC62BAA5AB79BFD1EE8DB /* Pods-Tekever-DigitalUITests.release.xcconfig */;
			buildSettings = {
				CODE_SIGN_STYLE = Automatic;
				DEVELOPMENT_TEAM = SACQADJ78B;
				INFOPLIST_FILE = "Tekever-DigitalUITests/Info.plist";
				LD_RUNPATH_SEARCH_PATHS = (
					"$(inherited)",
					"@executable_path/Frameworks",
					"@loader_path/Frameworks",
				);
				PRODUCT_BUNDLE_IDENTIFIER = "Tekever-Digital.Tekever-DigitalUITests";
				PRODUCT_NAME = "$(TARGET_NAME)";
				TARGETED_DEVICE_FAMILY = "1,2";
				TEST_TARGET_NAME = "Tekever-Digital";
			};
			name = Release;
		};
/* End XCBuildConfiguration section */

/* Begin XCConfigurationList section */
		E8AFD179234403B100BB648B /* Build configuration list for PBXProject "Tekever-Digital" */ = {
			isa = XCConfigurationList;
			buildConfigurations = (
				E8AFD1A8234403B300BB648B /* Debug */,
				E8AFD1A9234403B300BB648B /* Release */,
			);
			defaultConfigurationIsVisible = 0;
			defaultConfigurationName = Release;
		};
		E8AFD1AA234403B300BB648B /* Build configuration list for PBXNativeTarget "Tekever-Digital" */ = {
			isa = XCConfigurationList;
			buildConfigurations = (
				E8AFD1AB234403B300BB648B /* Debug */,
				E8AFD1AC234403B300BB648B /* Release */,
			);
			defaultConfigurationIsVisible = 0;
			defaultConfigurationName = Release;
		};
		E8AFD1AD234403B300BB648B /* Build configuration list for PBXNativeTarget "Tekever-DigitalTests" */ = {
			isa = XCConfigurationList;
			buildConfigurations = (
				E8AFD1AE234403B300BB648B /* Debug */,
				E8AFD1AF234403B300BB648B /* Release */,
			);
			defaultConfigurationIsVisible = 0;
			defaultConfigurationName = Release;
		};
		E8AFD1B0234403B300BB648B /* Build configuration list for PBXNativeTarget "Tekever-DigitalUITests" */ = {
			isa = XCConfigurationList;
			buildConfigurations = (
				E8AFD1B1234403B300BB648B /* Debug */,
				E8AFD1B2234403B300BB648B /* Release */,
			);
			defaultConfigurationIsVisible = 0;
			defaultConfigurationName = Release;
		};
/* End XCConfigurationList section */
	};
	rootObject = E8AFD176234403B100BB648B /* Project object */;
}
